
Microsoft Visual Studio Solution File, Format Version 12.00
# Visual Studio 15
VisualStudioVersion = 15.0.28307.168
MinimumVisualStudioVersion = 10.0.40219.1
Project("{FAE04EC0-301F-11D3-BF4B-00C04F79EFBC}") = "RAGEcopycat", "RAGEcopycat.csproj", "{BD2AED1B-C41A-4857-9436-DAAA44AB7320}"
EndProject
Global
	GlobalSection(SolutionConfigurationPlatforms) = preSolution
		Debug|Any CPU = Debug|Any CPU
		Release|Any CPU = Release|Any CPU
	EndGlobalSection
	GlobalSection(ProjectConfigurationPlatforms) = postSolution
		{BD2AED1B-C41A-4857-9436-DAAA44AB7320}.Debug|Any CPU.ActiveCfg = Debug|Any CPU
		{BD2AED1B-C41A-4857-9436-DAAA44AB7320}.Debug|Any CPU.Build.0 = Debug|Any CPU
		{BD2AED1B-C41A-4857-9436-DAAA44AB7320}.Release|Any CPU.ActiveCfg = Release|Any CPU
		{BD2AED1B-C41A-4857-9436-DAAA44AB7320}.Release|Any CPU.Build.0 = Release|Any CPU
	EndGlobalSection
	GlobalSection(SolutionProperties) = preSolution
		HideSolutionNode = FALSE
	EndGlobalSection
	GlobalSection(ExtensibilityGlobals) = postSolution
		SolutionGuid = {79D9AB22-8D89-4FB0-A574-7587BC7DEC54}
	EndGlobalSection
EndGlobal
